
Microsoft Visual Studio Solution File, Format Version 12.00
# Visual Studio Version 17
VisualStudioVersion = 17.3.32922.545
MinimumVisualStudioVersion = 10.0.40219.1
Project("{9A19103F-16F7-4668-BE54-9A1E7A4F7556}") = "VotingApp_RESTAPI", "VeotingApp_RESTAPI\VotingApp_RESTAPI.csproj", "{91014C40-545A-4C76-AD8A-5C2BB450120E}"
EndProject
Project("{9A19103F-16F7-4668-BE54-9A1E7A4F7556}") = "VotingApp_RESTAPI.Tests", "VotingApp_RESTAPI.Tests\VotingApp_RESTAPI.Tests.csproj", "{6383FDD2-0450-4DC6-BED3-1708FED0194E}"
EndProject
Project("{9A19103F-16F7-4668-BE54-9A1E7A4F7556}") = "VotingApp.Voters.Application", "VotingApp.RestAdapter\VotingApp.Voters.Application.csproj", "{5E5F5EF4-0C03-4FA0-97CB-B5CA40E6C9D1}"
EndProject
Project("{9A19103F-16F7-4668-BE54-9A1E7A4F7556}") = "VotingApp.Voters.Domain", "VotingApp.Domain\VotingApp.Voters.Domain.csproj", "{10786DDC-6A7E-4ECA-92A3-56E6F53046AB}"
EndProject
Project("{9A19103F-16F7-4668-BE54-9A1E7A4F7556}") = "VotingApp.Shared", "VotingApp.Helpers\VotingApp.Shared.csproj", "{4F7DE40B-76F5-4A73-AF8E-112E3AD159AB}"
EndProject
Project("{9A19103F-16F7-4668-BE54-9A1E7A4F7556}") = "VotingApp.Voters.Infrastructure", "VotingApp.DAL\VotingApp.Voters.Infrastructure.csproj", "{BFFF8E0E-FF6F-46BC-B743-59436B778F7F}"
EndProject
Project("{2150E333-8FDC-42A3-9474-1A3956D46DE8}") = "Voters", "Voters", "{8A1B7858-F802-4D44-A0A3-75D02A21B421}"
EndProject
Project("{2150E333-8FDC-42A3-9474-1A3956D46DE8}") = "Modules", "Modules", "{9A729CAC-0061-4827-884B-B5B65770B942}"
EndProject
Project("{2150E333-8FDC-42A3-9474-1A3956D46DE8}") = "Candidates", "Candidates", "{CA72B5DF-C123-4B17-835B-532077359DC8}"
EndProject
Project("{9A19103F-16F7-4668-BE54-9A1E7A4F7556}") = "VotingApp.Candidates.Application", "VotingApp.CandidatesApi\VotingApp.Candidates.Application.csproj", "{BB63FC43-D78A-41BF-8F43-E052E31BB8D2}"
EndProject
Project("{2150E333-8FDC-42A3-9474-1A3956D46DE8}") = "Raports", "Raports", "{BC628278-7D55-4861-BBF9-C73544AF7756}"
EndProject
Project("{FAE04EC0-301F-11D3-BF4B-00C04F79EFBC}") = "VotingApp.Raports.Application", "VotingApp.Raports.Application\VotingApp.Raports.Application.csproj", "{9E38616D-EA83-4228-8A98-B47711758906}"
EndProject
Global
	GlobalSection(SolutionConfigurationPlatforms) = preSolution
		Debug|Any CPU = Debug|Any CPU
		Release|Any CPU = Release|Any CPU
	EndGlobalSection
	GlobalSection(ProjectConfigurationPlatforms) = postSolution
		{91014C40-545A-4C76-AD8A-5C2BB450120E}.Debug|Any CPU.ActiveCfg = Debug|Any CPU
		{91014C40-545A-4C76-AD8A-5C2BB450120E}.Debug|Any CPU.Build.0 = Debug|Any CPU
		{91014C40-545A-4C76-AD8A-5C2BB450120E}.Release|Any CPU.ActiveCfg = Release|Any CPU
		{91014C40-545A-4C76-AD8A-5C2BB450120E}.Release|Any CPU.Build.0 = Release|Any CPU
		{6383FDD2-0450-4DC6-BED3-1708FED0194E}.Debug|Any CPU.ActiveCfg = Debug|Any CPU
		{6383FDD2-0450-4DC6-BED3-1708FED0194E}.Debug|Any CPU.Build.0 = Debug|Any CPU
		{6383FDD2-0450-4DC6-BED3-1708FED0194E}.Release|Any CPU.ActiveCfg = Release|Any CPU
		{6383FDD2-0450-4DC6-BED3-1708FED0194E}.Release|Any CPU.Build.0 = Release|Any CPU
		{5E5F5EF4-0C03-4FA0-97CB-B5CA40E6C9D1}.Debug|Any CPU.ActiveCfg = Debug|Any CPU
		{5E5F5EF4-0C03-4FA0-97CB-B5CA40E6C9D1}.Debug|Any CPU.Build.0 = Debug|Any CPU
		{5E5F5EF4-0C03-4FA0-97CB-B5CA40E6C9D1}.Release|Any CPU.ActiveCfg = Release|Any CPU
		{5E5F5EF4-0C03-4FA0-97CB-B5CA40E6C9D1}.Release|Any CPU.Build.0 = Release|Any CPU
		{10786DDC-6A7E-4ECA-92A3-56E6F53046AB}.Debug|Any CPU.ActiveCfg = Debug|Any CPU
		{10786DDC-6A7E-4ECA-92A3-56E6F53046AB}.Debug|Any CPU.Build.0 = Debug|Any CPU
		{10786DDC-6A7E-4ECA-92A3-56E6F53046AB}.Release|Any CPU.ActiveCfg = Release|Any CPU
		{10786DDC-6A7E-4ECA-92A3-56E6F53046AB}.Release|Any CPU.Build.0 = Release|Any CPU
		{4F7DE40B-76F5-4A73-AF8E-112E3AD159AB}.Debug|Any CPU.ActiveCfg = Debug|Any CPU
		{4F7DE40B-76F5-4A73-AF8E-112E3AD159AB}.Debug|Any CPU.Build.0 = Debug|Any CPU
		{4F7DE40B-76F5-4A73-AF8E-112E3AD159AB}.Release|Any CPU.ActiveCfg = Release|Any CPU
		{4F7DE40B-76F5-4A73-AF8E-112E3AD159AB}.Release|Any CPU.Build.0 = Release|Any CPU
		{BFFF8E0E-FF6F-46BC-B743-59436B778F7F}.Debug|Any CPU.ActiveCfg = Debug|Any CPU
		{BFFF8E0E-FF6F-46BC-B743-59436B778F7F}.Debug|Any CPU.Build.0 = Debug|Any CPU
		{BFFF8E0E-FF6F-46BC-B743-59436B778F7F}.Release|Any CPU.ActiveCfg = Release|Any CPU
		{BFFF8E0E-FF6F-46BC-B743-59436B778F7F}.Release|Any CPU.Build.0 = Release|Any CPU
		{BB63FC43-D78A-41BF-8F43-E052E31BB8D2}.Debug|Any CPU.ActiveCfg = Debug|Any CPU
		{BB63FC43-D78A-41BF-8F43-E052E31BB8D2}.Debug|Any CPU.Build.0 = Debug|Any CPU
		{BB63FC43-D78A-41BF-8F43-E052E31BB8D2}.Release|Any CPU.ActiveCfg = Release|Any CPU
		{BB63FC43-D78A-41BF-8F43-E052E31BB8D2}.Release|Any CPU.Build.0 = Release|Any CPU
		{9E38616D-EA83-4228-8A98-B47711758906}.Debug|Any CPU.ActiveCfg = Debug|Any CPU
		{9E38616D-EA83-4228-8A98-B47711758906}.Debug|Any CPU.Build.0 = Debug|Any CPU
		{9E38616D-EA83-4228-8A98-B47711758906}.Release|Any CPU.ActiveCfg = Release|Any CPU
		{9E38616D-EA83-4228-8A98-B47711758906}.Release|Any CPU.Build.0 = Release|Any CPU
	EndGlobalSection
	GlobalSection(SolutionProperties) = preSolution
		HideSolutionNode = FALSE
	EndGlobalSection
	GlobalSection(NestedProjects) = preSolution
		{5E5F5EF4-0C03-4FA0-97CB-B5CA40E6C9D1} = {8A1B7858-F802-4D44-A0A3-75D02A21B421}
		{10786DDC-6A7E-4ECA-92A3-56E6F53046AB} = {8A1B7858-F802-4D44-A0A3-75D02A21B421}
		{BFFF8E0E-FF6F-46BC-B743-59436B778F7F} = {8A1B7858-F802-4D44-A0A3-75D02A21B421}
		{8A1B7858-F802-4D44-A0A3-75D02A21B421} = {9A729CAC-0061-4827-884B-B5B65770B942}
		{CA72B5DF-C123-4B17-835B-532077359DC8} = {9A729CAC-0061-4827-884B-B5B65770B942}
		{BB63FC43-D78A-41BF-8F43-E052E31BB8D2} = {CA72B5DF-C123-4B17-835B-532077359DC8}
		{BC628278-7D55-4861-BBF9-C73544AF7756} = {9A729CAC-0061-4827-884B-B5B65770B942}
		{9E38616D-EA83-4228-8A98-B47711758906} = {BC628278-7D55-4861-BBF9-C73544AF7756}
	EndGlobalSection
	GlobalSection(ExtensibilityGlobals) = postSolution
		SolutionGuid = {9C05B65E-C8E3-4E31-BFF9-76C996C199D8}
	EndGlobalSection
EndGlobal
